
Microsoft Visual Studio Solution File, Format Version 12.00
# Visual Studio Version 17
VisualStudioVersion = 17.4.33403.182
MinimumVisualStudioVersion = 10.0.40219.1
Project("{9A19103F-16F7-4668-BE54-9A1E7A4F7556}") = "GameDevWare.Charon.Unity", "GameDevWare.Charon.Unity.csproj", "{9AEEB46E-445C-4418-8159-260DB2CEC209}"
EndProject
Global
	GlobalSection(SolutionConfigurationPlatforms) = preSolution
		Debug|Any CPU = Debug|Any CPU
		Release|Any CPU = Release|Any CPU
	EndGlobalSection
	GlobalSection(ProjectConfigurationPlatforms) = postSolution
		{9AEEB46E-445C-4418-8159-260DB2CEC209}.Debug|Any CPU.ActiveCfg = Debug|Any CPU
		{9AEEB46E-445C-4418-8159-260DB2CEC209}.Debug|Any CPU.Build.0 = Debug|Any CPU
		{9AEEB46E-445C-4418-8159-260DB2CEC209}.Release|Any CPU.ActiveCfg = Release|Any CPU
		{9AEEB46E-445C-4418-8159-260DB2CEC209}.Release|Any CPU.Build.0 = Release|Any CPU
	EndGlobalSection
	GlobalSection(SolutionProperties) = preSolution
		HideSolutionNode = FALSE
	EndGlobalSection
	GlobalSection(ExtensibilityGlobals) = postSolution
		SolutionGuid = {FB61F28E-DE49-4B0F-9D45-6157D3D7E19C}
	EndGlobalSection
EndGlobal
